// !$*UTF8*$!
{
	archiveVersion = 1;
	classes = {
	};
	objectVersion = 46;
	objects = {

/* Begin PBXBuildFile section */
		CEB3407E1B10C58F0048DEA1 /* AppDelegate.swift in Sources */ = {isa = PBXBuildFile; fileRef = CEB3407D1B10C58F0048DEA1 /* AppDelegate.swift */; };
		CEB340801B10C58F0048DEA1 /* ViewController.swift in Sources */ = {isa = PBXBuildFile; fileRef = CEB3407F1B10C58F0048DEA1 /* ViewController.swift */; };
		CEB340831B10C58F0048DEA1 /* Main.storyboard in Resources */ = {isa = PBXBuildFile; fileRef = CEB340811B10C58F0048DEA1 /* Main.storyboard */; };
		CEB340851B10C58F0048DEA1 /* Images.xcassets in Resources */ = {isa = PBXBuildFile; fileRef = CEB340841B10C58F0048DEA1 /* Images.xcassets */; };
		CEB340881B10C58F0048DEA1 /* LaunchScreen.xib in Resources */ = {isa = PBXBuildFile; fileRef = CEB340861B10C58F0048DEA1 /* LaunchScreen.xib */; };
		CEB340941B10C58F0048DEA1 /* _9RedBallonsTests.swift in Sources */ = {isa = PBXBuildFile; fileRef = CEB340931B10C58F0048DEA1 /* _9RedBallonsTests.swift */; };
		CEB340A31B10C5BB0048DEA1 /* BerlinTVTower.jpg in Resources */ = {isa = PBXBuildFile; fileRef = CEB3409E1B10C5BB0048DEA1 /* BerlinTVTower.jpg */; };
		CEB340A41B10C5BB0048DEA1 /* RedBalloon1.jpg in Resources */ = {isa = PBXBuildFile; fileRef = CEB3409F1B10C5BB0048DEA1 /* RedBalloon1.jpg */; };
		CEB340A51B10C5BB0048DEA1 /* RedBalloon2.jpg in Resources */ = {isa = PBXBuildFile; fileRef = CEB340A01B10C5BB0048DEA1 /* RedBalloon2.jpg */; };
		CEB340A61B10C5BB0048DEA1 /* RedBalloon3.jpg in Resources */ = {isa = PBXBuildFile; fileRef = CEB340A11B10C5BB0048DEA1 /* RedBalloon3.jpg */; };
		CEB340A71B10C5BB0048DEA1 /* RedBalloon4.jpg in Resources */ = {isa = PBXBuildFile; fileRef = CEB340A21B10C5BB0048DEA1 /* RedBalloon4.jpg */; };
		CEB340A91B10C5E50048DEA1 /* Ballloon.swift in Sources */ = {isa = PBXBuildFile; fileRef = CEB340A81B10C5E50048DEA1 /* Ballloon.swift */; };
/* End PBXBuildFile section */

/* Begin PBXContainerItemProxy section */
		CEB3408E1B10C58F0048DEA1 /* PBXContainerItemProxy */ = {
			isa = PBXContainerItemProxy;
			containerPortal = CEB340701B10C58F0048DEA1 /* Project object */;
			proxyType = 1;
			remoteGlobalIDString = CEB340771B10C58F0048DEA1;
			remoteInfo = 99RedBallons;
		};
/* End PBXContainerItemProxy section */

/* Begin PBXFileReference section */
		CEB340781B10C58F0048DEA1 /* 99RedBallons.app */ = {isa = PBXFileReference; explicitFileType = wrapper.application; includeInIndex = 0; path = 99RedBallons.app; sourceTree = BUILT_PRODUCTS_DIR; };
		CEB3407C1B10C58F0048DEA1 /* Info.plist */ = {isa = PBXFileReference; lastKnownFileType = text.plist.xml; path = Info.plist; sourceTree = "<group>"; };
		CEB3407D1B10C58F0048DEA1 /* AppDelegate.swift */ = {isa = PBXFileReference; lastKnownFileType = sourcecode.swift; path = AppDelegate.swift; sourceTree = "<group>"; };
		CEB3407F1B10C58F0048DEA1 /* ViewController.swift */ = {isa = PBXFileReference; lastKnownFileType = sourcecode.swift; path = ViewController.swift; sourceTree = "<group>"; };
		CEB340821B10C58F0048DEA1 /* Base */ = {isa = PBXFileReference; lastKnownFileType = file.storyboard; name = Base; path = Base.lproj/Main.storyboard; sourceTree = "<group>"; };
		CEB340841B10C58F0048DEA1 /* Images.xcassets */ = {isa = PBXFileReference; lastKnownFileType = folder.assetcatalog; path = Images.xcassets; sourceTree = "<group>"; };
		CEB340871B10C58F0048DEA1 /* Base */ = {isa = PBXFileReference; lastKnownFileType = file.xib; name = Base; path = Base.lproj/LaunchScreen.xib; sourceTree = "<group>"; };
		CEB3408D1B10C58F0048DEA1 /* 99RedBallonsTests.xctest */ = {isa = PBXFileReference; explicitFileType = wrapper.cfbundle; includeInIndex = 0; path = 99RedBallonsTests.xctest; sourceTree = BUILT_PRODUCTS_DIR; };
		CEB340921B10C58F0048DEA1 /* Info.plist */ = {isa = PBXFileReference; lastKnownFileType = text.plist.xml; path = Info.plist; sourceTree = "<group>"; };
		CEB340931B10C58F0048DEA1 /* _9RedBallonsTests.swift */ = {isa = PBXFileReference; lastKnownFileType = sourcecode.swift; path = _9RedBallonsTests.swift; sourceTree = "<group>"; };
		CEB3409E1B10C5BB0048DEA1 /* BerlinTVTower.jpg */ = {isa = PBXFileReference; lastKnownFileType = image.jpeg; path = BerlinTVTower.jpg; sourceTree = "<group>"; };
		CEB3409F1B10C5BB0048DEA1 /* RedBalloon1.jpg */ = {isa = PBXFileReference; lastKnownFileType = image.jpeg; path = RedBalloon1.jpg; sourceTree = "<group>"; };
		CEB340A01B10C5BB0048DEA1 /* RedBalloon2.jpg */ = {isa = PBXFileReference; lastKnownFileType = image.jpeg; path = RedBalloon2.jpg; sourceTree = "<group>"; };
		CEB340A11B10C5BB0048DEA1 /* RedBalloon3.jpg */ = {isa = PBXFileReference; lastKnownFileType = image.jpeg; path = RedBalloon3.jpg; sourceTree = "<group>"; };
		CEB340A21B10C5BB0048DEA1 /* RedBalloon4.jpg */ = {isa = PBXFileReference; lastKnownFileType = image.jpeg; path = RedBalloon4.jpg; sourceTree = "<group>"; };
		CEB340A81B10C5E50048DEA1 /* Ballloon.swift */ = {isa = PBXFileReference; fileEncoding = 4; lastKnownFileType = sourcecode.swift; path = Ballloon.swift; sourceTree = "<group>"; };
/* End PBXFileReference section */

/* Begin PBXFrameworksBuildPhase section */
		CEB340751B10C58F0048DEA1 /* Frameworks */ = {
			isa = PBXFrameworksBuildPhase;
			buildActionMask = 2147483647;
			files = (
			);
			runOnlyForDeploymentPostprocessing = 0;
		};
		CEB3408A1B10C58F0048DEA1 /* Frameworks */ = {
			isa = PBXFrameworksBuildPhase;
			buildActionMask = 2147483647;
			files = (
			);
			runOnlyForDeploymentPostprocessing = 0;
		};
/* End PBXFrameworksBuildPhase section */

/* Begin PBXGroup section */
		CEB3406F1B10C58F0048DEA1 = {
			isa = PBXGroup;
			children = (
				CEB3407A1B10C58F0048DEA1 /* 99RedBallons */,
				CEB340901B10C58F0048DEA1 /* 99RedBallonsTests */,
				CEB340791B10C58F0048DEA1 /* Products */,
			);
			sourceTree = "<group>";
		};
		CEB340791B10C58F0048DEA1 /* Products */ = {
			isa = PBXGroup;
			children = (
				CEB340781B10C58F0048DEA1 /* 99RedBallons.app */,
				CEB3408D1B10C58F0048DEA1 /* 99RedBallonsTests.xctest */,
			);
			name = Products;
			sourceTree = "<group>";
		};
		CEB3407A1B10C58F0048DEA1 /* 99RedBallons */ = {
			isa = PBXGroup;
			children = (
				CEB3407D1B10C58F0048DEA1 /* AppDelegate.swift */,
				CEB3407F1B10C58F0048DEA1 /* ViewController.swift */,
				CEB340A81B10C5E50048DEA1 /* Ballloon.swift */,
				CEB340811B10C58F0048DEA1 /* Main.storyboard */,
				CEB340841B10C58F0048DEA1 /* Images.xcassets */,
				CEB340861B10C58F0048DEA1 /* LaunchScreen.xib */,
				CEB3407B1B10C58F0048DEA1 /* Supporting Files */,
			);
			path = 99RedBallons;
			sourceTree = "<group>";
		};
		CEB3407B1B10C58F0048DEA1 /* Supporting Files */ = {
			isa = PBXGroup;
			children = (
				CEB3409D1B10C5BB0048DEA1 /* 99RedBalloonsAssets */,
				CEB3407C1B10C58F0048DEA1 /* Info.plist */,
			);
			name = "Supporting Files";
			sourceTree = "<group>";
		};
		CEB340901B10C58F0048DEA1 /* 99RedBallonsTests */ = {
			isa = PBXGroup;
			children = (
				CEB340931B10C58F0048DEA1 /* _9RedBallonsTests.swift */,
				CEB340911B10C58F0048DEA1 /* Supporting Files */,
			);
			path = 99RedBallonsTests;
			sourceTree = "<group>";
		};
		CEB340911B10C58F0048DEA1 /* Supporting Files */ = {
			isa = PBXGroup;
			children = (
				CEB340921B10C58F0048DEA1 /* Info.plist */,
			);
			name = "Supporting Files";
			sourceTree = "<group>";
		};
		CEB3409D1B10C5BB0048DEA1 /* 99RedBalloonsAssets */ = {
			isa = PBXGroup;
			children = (
				CEB3409E1B10C5BB0048DEA1 /* BerlinTVTower.jpg */,
				CEB3409F1B10C5BB0048DEA1 /* RedBalloon1.jpg */,
				CEB340A01B10C5BB0048DEA1 /* RedBalloon2.jpg */,
				CEB340A11B10C5BB0048DEA1 /* RedBalloon3.jpg */,
				CEB340A21B10C5BB0048DEA1 /* RedBalloon4.jpg */,
			);
			path = 99RedBalloonsAssets;
			sourceTree = "<group>";
		};
/* End PBXGroup section */

/* Begin PBXNativeTarget section */
		CEB340771B10C58F0048DEA1 /* 99RedBallons */ = {
			isa = PBXNativeTarget;
			buildConfigurationList = CEB340971B10C58F0048DEA1 /* Build configuration list for PBXNativeTarget "99RedBallons" */;
			buildPhases = (
				CEB340741B10C58F0048DEA1 /* Sources */,
				CEB340751B10C58F0048DEA1 /* Frameworks */,
				CEB340761B10C58F0048DEA1 /* Resources */,
			);
			buildRules = (
			);
			dependencies = (
			);
			name = 99RedBallons;
			productName = 99RedBallons;
			productReference = CEB340781B10C58F0048DEA1 /* 99RedBallons.app */;
			productType = "com.apple.product-type.application";
		};
		CEB3408C1B10C58F0048DEA1 /* 99RedBallonsTests */ = {
			isa = PBXNativeTarget;
			buildConfigurationList = CEB3409A1B10C58F0048DEA1 /* Build configuration list for PBXNativeTarget "99RedBallonsTests" */;
			buildPhases = (
				CEB340891B10C58F0048DEA1 /* Sources */,
				CEB3408A1B10C58F0048DEA1 /* Frameworks */,
				CEB3408B1B10C58F0048DEA1 /* Resources */,
			);
			buildRules = (
			);
			dependencies = (
				CEB3408F1B10C58F0048DEA1 /* PBXTargetDependency */,
			);
			name = 99RedBallonsTests;
			productName = 99RedBallonsTests;
			productReference = CEB3408D1B10C58F0048DEA1 /* 99RedBallonsTests.xctest */;
			productType = "com.apple.product-type.bundle.unit-test";
		};
/* End PBXNativeTarget section */

/* Begin PBXProject section */
		CEB340701B10C58F0048DEA1 /* Project object */ = {
			isa = PBXProject;
			attributes = {
				LastUpgradeCheck = 0600;
				ORGANIZATIONNAME = User;
				TargetAttributes = {
					CEB340771B10C58F0048DEA1 = {
						CreatedOnToolsVersion = 6.0.1;
					};
					CEB3408C1B10C58F0048DEA1 = {
						CreatedOnToolsVersion = 6.0.1;
						TestTargetID = CEB340771B10C58F0048DEA1;
					};
				};
			};
			buildConfigurationList = CEB340731B10C58F0048DEA1 /* Build configuration list for PBXProject "99RedBallons" */;
			compatibilityVersion = "Xcode 3.2";
			developmentRegion = English;
			hasScannedForEncodings = 0;
			knownRegions = (
				en,
				Base,
			);
			mainGroup = CEB3406F1B10C58F0048DEA1;
			productRefGroup = CEB340791B10C58F0048DEA1 /* Products */;
			projectDirPath = "";
			projectRoot = "";
			targets = (
				CEB340771B10C58F0048DEA1 /* 99RedBallons */,
				CEB3408C1B10C58F0048DEA1 /* 99RedBallonsTests */,
			);
		};
/* End PBXProject section */

/* Begin PBXResourcesBuildPhase section */
		CEB340761B10C58F0048DEA1 /* Resources */ = {
			isa = PBXResourcesBuildPhase;
			buildActionMask = 2147483647;
			files = (
				CEB340A51B10C5BB0048DEA1 /* RedBalloon2.jpg in Resources */,
				CEB340831B10C58F0048DEA1 /* Main.storyboard in Resources */,
				CEB340A61B10C5BB0048DEA1 /* RedBalloon3.jpg in Resources */,
				CEB340881B10C58F0048DEA1 /* LaunchScreen.xib in Resources */,
				CEB340A71B10C5BB0048DEA1 /* RedBalloon4.jpg in Resources */,
				CEB340851B10C58F0048DEA1 /* Images.xcassets in Resources */,
				CEB340A41B10C5BB0048DEA1 /* RedBalloon1.jpg in Resources */,
				CEB340A31B10C5BB0048DEA1 /* BerlinTVTower.jpg in Resources */,
			);
			runOnlyForDeploymentPostprocessing = 0;
		};
		CEB3408B1B10C58F0048DEA1 /* Resources */ = {
			isa = PBXResourcesBuildPhase;
			buildActionMask = 2147483647;
			files = (
			);
			runOnlyForDeploymentPostprocessing = 0;
		};
/* End PBXResourcesBuildPhase section */

/* Begin PBXSourcesBuildPhase section */
		CEB340741B10C58F0048DEA1 /* Sources */ = {
			isa = PBXSourcesBuildPhase;
			buildActionMask = 2147483647;
			files = (
				CEB340A91B10C5E50048DEA1 /* Ballloon.swift in Sources */,
				CEB340801B10C58F0048DEA1 /* ViewController.swift in Sources */,
				CEB3407E1B10C58F0048DEA1 /* AppDelegate.swift in Sources */,
			);
			runOnlyForDeploymentPostprocessing = 0;
		};
		CEB340891B10C58F0048DEA1 /* Sources */ = {
			isa = PBXSourcesBuildPhase;
			buildActionMask = 2147483647;
			files = (
				CEB340941B10C58F0048DEA1 /* _9RedBallonsTests.swift in Sources */,
			);
			runOnlyForDeploymentPostprocessing = 0;
		};
/* End PBXSourcesBuildPhase section */

/* Begin PBXTargetDependency section */
		CEB3408F1B10C58F0048DEA1 /* PBXTargetDependency */ = {
			isa = PBXTargetDependency;
			target = CEB340771B10C58F0048DEA1 /* 99RedBallons */;
			targetProxy = CEB3408E1B10C58F0048DEA1 /* PBXContainerItemProxy */;
		};
/* End PBXTargetDependency section */

/* Begin PBXVariantGroup section */
		CEB340811B10C58F0048DEA1 /* Main.storyboard */ = {
			isa = PBXVariantGroup;
			children = (
				CEB340821B10C58F0048DEA1 /* Base */,
			);
			name = Main.storyboard;
			sourceTree = "<group>";
		};
		CEB340861B10C58F0048DEA1 /* LaunchScreen.xib */ = {
			isa = PBXVariantGroup;
			children = (
				CEB340871B10C58F0048DEA1 /* Base */,
			);
			name = LaunchScreen.xib;
			sourceTree = "<group>";
		};
/* End PBXVariantGroup section */

/* Begin XCBuildConfiguration section */
		CEB340951B10C58F0048DEA1 /* Debug */ = {
			isa = XCBuildConfiguration;
			buildSettings = {
				ALWAYS_SEARCH_USER_PATHS = NO;
				CLANG_CXX_LANGUAGE_STANDARD = "gnu++0x";
				CLANG_CXX_LIBRARY = "libc++";
				CLANG_ENABLE_MODULES = YES;
				CLANG_ENABLE_OBJC_ARC = YES;
				CLANG_WARN_BOOL_CONVERSION = YES;
				CLANG_WARN_CONSTANT_CONVERSION = YES;
				CLANG_WARN_DIRECT_OBJC_ISA_USAGE = YES_ERROR;
				CLANG_WARN_EMPTY_BODY = YES;
				CLANG_WARN_ENUM_CONVERSION = YES;
				CLANG_WARN_INT_CONVERSION = YES;
				CLANG_WARN_OBJC_ROOT_CLASS = YES_ERROR;
				CLANG_WARN_UNREACHABLE_CODE = YES;
				CLANG_WARN__DUPLICATE_METHOD_MATCH = YES;
				"CODE_SIGN_IDENTITY[sdk=iphoneos*]" = "iPhone Developer";
				COPY_PHASE_STRIP = NO;
				ENABLE_STRICT_OBJC_MSGSEND = YES;
				GCC_C_LANGUAGE_STANDARD = gnu99;
				GCC_DYNAMIC_NO_PIC = NO;
				GCC_OPTIMIZATION_LEVEL = 0;
				GCC_PREPROCESSOR_DEFINITIONS = (
					"DEBUG=1",
					"$(inherited)",
				);
				GCC_SYMBOLS_PRIVATE_EXTERN = NO;
				GCC_WARN_64_TO_32_BIT_CONVERSION = YES;
				GCC_WARN_ABOUT_RETURN_TYPE = YES_ERROR;
				GCC_WARN_UNDECLARED_SELECTOR = YES;
				GCC_WARN_UNINITIALIZED_AUTOS = YES_AGGRESSIVE;
				GCC_WARN_UNUSED_FUNCTION = YES;
				GCC_WARN_UNUSED_VARIABLE = YES;
				IPHONEOS_DEPLOYMENT_TARGET = 8.0;
				MTL_ENABLE_DEBUG_INFO = YES;
				ONLY_ACTIVE_ARCH = YES;
				SDKROOT = iphoneos;
				SWIFT_OPTIMIZATION_LEVEL = "-Onone";
				TARGETED_DEVICE_FAMILY = "1,2";
			};
			name = Debug;
		};
		CEB340961B10C58F0048DEA1 /* Release */ = {
			isa = XCBuildConfiguration;
			buildSettings = {
				ALWAYS_SEARCH_USER_PATHS = NO;
				CLANG_CXX_LANGUAGE_STANDARD = "gnu++0x";
				CLANG_CXX_LIBRARY = "libc++";
				CLANG_ENABLE_MODULES = YES;
				CLANG_ENABLE_OBJC_ARC = YES;
				CLANG_WARN_BOOL_CONVERSION = YES;
				CLANG_WARN_CONSTANT_CONVERSION = YES;
				CLANG_WARN_DIRECT_OBJC_ISA_USAGE = YES_ERROR;
				CLANG_WARN_EMPTY_BODY = YES;
				CLANG_WARN_ENUM_CONVERSION = YES;
				CLANG_WARN_INT_CONVERSION = YES;
				CLANG_WARN_OBJC_ROOT_CLASS = YES_ERROR;
				CLANG_WARN_UNREACHABLE_CODE = YES;
				CLANG_WARN__DUPLICATE_METHOD_MATCH = YES;
				"CODE_SIGN_IDENTITY[sdk=iphoneos*]" = "iPhone Developer";
				COPY_PHASE_STRIP = YES;
				ENABLE_NS_ASSERTIONS = NO;
				ENABLE_STRICT_OBJC_MSGSEND = YES;
				GCC_C_LANGUAGE_STANDARD = gnu99;
				GCC_WARN_64_TO_32_BIT_CONVERSION = YES;
				GCC_WARN_ABOUT_RETURN_TYPE = YES_ERROR;
				GCC_WARN_UNDECLARED_SELECTOR = YES;
				GCC_WARN_UNINITIALIZED_AUTOS = YES_AGGRESSIVE;
				GCC_WARN_UNUSED_FUNCTION = YES;
				GCC_WARN_UNUSED_VARIABLE = YES;
				IPHONEOS_DEPLOYMENT_TARGET = 8.0;
				MTL_ENABLE_DEBUG_INFO = NO;
				SDKROOT = iphoneos;
				TARGETED_DEVICE_FAMILY = "1,2";
				VALIDATE_PRODUCT = YES;
			};
			name = Release;
		};
		CEB340981B10C58F0048DEA1 /* Debug */ = {
			isa = XCBuildConfiguration;
			buildSettings = {
				ASSETCATALOG_COMPILER_APPICON_NAME = AppIcon;
				INFOPLIST_FILE = 99RedBallons/Info.plist;
				LD_RUNPATH_SEARCH_PATHS = "$(inherited) @executable_path/Frameworks";
				PRODUCT_NAME = "$(TARGET_NAME)";
			};
			name = Debug;
		};
		CEB340991B10C58F0048DEA1 /* Release */ = {
			isa = XCBuildConfiguration;
			buildSettings = {
				ASSETCATALOG_COMPILER_APPICON_NAME = AppIcon;
				INFOPLIST_FILE = 99RedBallons/Info.plist;
				LD_RUNPATH_SEARCH_PATHS = "$(inherited) @executable_path/Frameworks";
				PRODUCT_NAME = "$(TARGET_NAME)";
			};
			name = Release;
		};
		CEB3409B1B10C58F0048DEA1 /* Debug */ = {
			isa = XCBuildConfiguration;
			buildSettings = {
				BUNDLE_LOADER = "$(TEST_HOST)";
				FRAMEWORK_SEARCH_PATHS = (
					"$(SDKROOT)/Developer/Library/Frameworks",
					"$(inherited)",
				);
				GCC_PREPROCESSOR_DEFINITIONS = (
					"DEBUG=1",
					"$(inherited)",
				);
				INFOPLIST_FILE = 99RedBallonsTests/Info.plist;
				LD_RUNPATH_SEARCH_PATHS = "$(inherited) @executable_path/Frameworks @loader_path/Frameworks";
				PRODUCT_NAME = "$(TARGET_NAME)";
				TEST_HOST = "$(BUILT_PRODUCTS_DIR)/99RedBallons.app/99RedBallons";
			};
			name = Debug;
		};
		CEB3409C1B10C58F0048DEA1 /* Release */ = {
			isa = XCBuildConfiguration;
			buildSettings = {
				BUNDLE_LOADER = "$(TEST_HOST)";
				FRAMEWORK_SEARCH_PATHS = (
					"$(SDKROOT)/Developer/Library/Frameworks",
					"$(inherited)",
				);
				INFOPLIST_FILE = 99RedBallonsTests/Info.plist;
				LD_RUNPATH_SEARCH_PATHS = "$(inherited) @executable_path/Frameworks @loader_path/Frameworks";
				PRODUCT_NAME = "$(TARGET_NAME)";
				TEST_HOST = "$(BUILT_PRODUCTS_DIR)/99RedBallons.app/99RedBallons";
			};
			name = Release;
		};
/* End XCBuildConfiguration section */

/* Begin XCConfigurationList section */
		CEB340731B10C58F0048DEA1 /* Build configuration list for PBXProject "99RedBallons" */ = {
			isa = XCConfigurationList;
			buildConfigurations = (
				CEB340951B10C58F0048DEA1 /* Debug */,
				CEB340961B10C58F0048DEA1 /* Release */,
			);
			defaultConfigurationIsVisible = 0;
			defaultConfigurationName = Release;
		};
		CEB340971B10C58F0048DEA1 /* Build configuration list for PBXNativeTarget "99RedBallons" */ = {
			isa = XCConfigurationList;
			buildConfigurations = (
				CEB340981B10C58F0048DEA1 /* Debug */,
				CEB340991B10C58F0048DEA1 /* Release */,
			);
			defaultConfigurationIsVisible = 0;
		};
		CEB3409A1B10C58F0048DEA1 /* Build configuration list for PBXNativeTarget "99RedBallonsTests" */ = {
			isa = XCConfigurationList;
			buildConfigurations = (
				CEB3409B1B10C58F0048DEA1 /* Debug */,
				CEB3409C1B10C58F0048DEA1 /* Release */,
			);
			defaultConfigurationIsVisible = 0;
		};
/* End XCConfigurationList section */
	};
	rootObject = CEB340701B10C58F0048DEA1 /* Project object */;
}
